
Microsoft Visual Studio Solution File, Format Version 12.00
# Visual Studio Version 16
VisualStudioVersion = 16.0.30804.86
MinimumVisualStudioVersion = 10.0.40219.1
Project("{FAE04EC0-301F-11D3-BF4B-00C04F79EFBC}") = "SimonExam", "SimonExam\SimonExam.csproj", "{BD676B42-1563-4559-91AC-768485172064}"
EndProject
Global
	GlobalSection(SolutionConfigurationPlatforms) = preSolution
		Debug|Any CPU = Debug|Any CPU
		Release|Any CPU = Release|Any CPU
	EndGlobalSection
	GlobalSection(ProjectConfigurationPlatforms) = postSolution
		{BD676B42-1563-4559-91AC-768485172064}.Debug|Any CPU.ActiveCfg = Debug|Any CPU
		{BD676B42-1563-4559-91AC-768485172064}.Debug|Any CPU.Build.0 = Debug|Any CPU
		{BD676B42-1563-4559-91AC-768485172064}.Release|Any CPU.ActiveCfg = Release|Any CPU
		{BD676B42-1563-4559-91AC-768485172064}.Release|Any CPU.Build.0 = Release|Any CPU
	EndGlobalSection
	GlobalSection(SolutionProperties) = preSolution
		HideSolutionNode = FALSE
	EndGlobalSection
	GlobalSection(ExtensibilityGlobals) = postSolution
		SolutionGuid = {6A5C9A5B-09C1-473E-A158-73911B3A6AE0}
	EndGlobalSection
EndGlobal
